
Microsoft Visual Studio Solution File, Format Version 12.00
# Visual Studio Version 16
VisualStudioVersion = 16.0.30114.105
MinimumVisualStudioVersion = 10.0.40219.1
Project("{9A19103F-16F7-4668-BE54-9A1E7A4F7556}") = "EmployeeManagement", "EmployeeManagement\EmployeeManagement.csproj", "{358E9A97-705B-4BA6-81E2-579FFD87B235}"
EndProject
Project("{FAE04EC0-301F-11D3-BF4B-00C04F79EFBC}") = "EmployeeManagementTest", "EmployeeManagementTest\EmployeeManagementTest.csproj", "{0D111AFD-DD5A-4C23-8DBB-20809786DF44}"
EndProject
Global
	GlobalSection(SolutionConfigurationPlatforms) = preSolution
		Debug|Any CPU = Debug|Any CPU
		Release|Any CPU = Release|Any CPU
	EndGlobalSection
	GlobalSection(ProjectConfigurationPlatforms) = postSolution
		{358E9A97-705B-4BA6-81E2-579FFD87B235}.Debug|Any CPU.ActiveCfg = Debug|Any CPU
		{358E9A97-705B-4BA6-81E2-579FFD87B235}.Debug|Any CPU.Build.0 = Debug|Any CPU
		{358E9A97-705B-4BA6-81E2-579FFD87B235}.Release|Any CPU.ActiveCfg = Release|Any CPU
		{358E9A97-705B-4BA6-81E2-579FFD87B235}.Release|Any CPU.Build.0 = Release|Any CPU
		{0D111AFD-DD5A-4C23-8DBB-20809786DF44}.Debug|Any CPU.ActiveCfg = Debug|Any CPU
		{0D111AFD-DD5A-4C23-8DBB-20809786DF44}.Debug|Any CPU.Build.0 = Debug|Any CPU
		{0D111AFD-DD5A-4C23-8DBB-20809786DF44}.Release|Any CPU.ActiveCfg = Release|Any CPU
		{0D111AFD-DD5A-4C23-8DBB-20809786DF44}.Release|Any CPU.Build.0 = Release|Any CPU
	EndGlobalSection
	GlobalSection(SolutionProperties) = preSolution
		HideSolutionNode = FALSE
	EndGlobalSection
	GlobalSection(ExtensibilityGlobals) = postSolution
		SolutionGuid = {DFABA92F-24FE-4A1B-96BF-7D3687AE7E71}
	EndGlobalSection
EndGlobal
